uuid: 47570d90-0952-4e26-a0e1-cfe78360b07e
langcode: en
status: true
dependencies:
  module:
    - citation_select
    - node
    - term_condition
  theme:
    - barriodepartments
id: barriodepartments_citationselectblock
theme: barriodepartments
region: content
weight: -15
provider: null
plugin: citation_select_block
settings:
  id: citation_select_block
  label: 'Cite this object'
  label_display: visible
  provider: citation_select
visibility:
  'entity_bundle:node':
    id: 'entity_bundle:node'
    negate: false
    context_mapping:
      node: '@node.node_route_context:node'
    bundles:
      islandora_object: islandora_object
  term:
    id: term
    negate: true
    context_mapping: {  }
    term_uuids:
      - 0384668c-be0a-457a-a16f-1c19a7be159c
